// !$*UTF8*$!
{
	archiveVersion = 1;
	classes = {
	};
	objectVersion = 56;
	objects = {

/* Begin PBXBuildFile section */
		F018F7B62C2FD17600F546CE /* LinkedList.swift in Sources */ = {isa = PBXBuildFile; fileRef = F018F7B52C2FD17600F546CE /* LinkedList.swift */; };
		F018F7BA2C2FD1E900F546CE /* Stack.swift in Sources */ = {isa = PBXBuildFile; fileRef = F018F7B92C2FD1E900F546CE /* Stack.swift */; };
		F041D8CC2C2F08640084F91A /* AppDelegate.swift in Sources */ = {isa = PBXBuildFile; fileRef = F041D8CB2C2F08640084F91A /* AppDelegate.swift */; };
		F041D8CE2C2F08640084F91A /* SceneDelegate.swift in Sources */ = {isa = PBXBuildFile; fileRef = F041D8CD2C2F08640084F91A /* SceneDelegate.swift */; };
		F041D8D02C2F08640084F91A /* ViewController.swift in Sources */ = {isa = PBXBuildFile; fileRef = F041D8CF2C2F08640084F91A /* ViewController.swift */; };
		F041D8D32C2F08640084F91A /* Main.storyboard in Resources */ = {isa = PBXBuildFile; fileRef = F041D8D12C2F08640084F91A /* Main.storyboard */; };
		F041D8D52C2F08670084F91A /* Assets.xcassets in Resources */ = {isa = PBXBuildFile; fileRef = F041D8D42C2F08670084F91A /* Assets.xcassets */; };
		F041D8D82C2F08670084F91A /* LaunchScreen.storyboard in Resources */ = {isa = PBXBuildFile; fileRef = F041D8D62C2F08670084F91A /* LaunchScreen.storyboard */; };
/* End PBXBuildFile section */

/* Begin PBXFileReference section */
		F018F7B52C2FD17600F546CE /* LinkedList.swift */ = {isa = PBXFileReference; fileEncoding = 4; lastKnownFileType = sourcecode.swift; path = LinkedList.swift; sourceTree = "<group>"; };
		F018F7B92C2FD1E900F546CE /* Stack.swift */ = {isa = PBXFileReference; fileEncoding = 4; lastKnownFileType = sourcecode.swift; path = Stack.swift; sourceTree = "<group>"; };
		F041D8C82C2F08640084F91A /* Datastructure.app */ = {isa = PBXFileReference; explicitFileType = wrapper.application; includeInIndex = 0; path = Datastructure.app; sourceTree = BUILT_PRODUCTS_DIR; };
		F041D8CB2C2F08640084F91A /* AppDelegate.swift */ = {isa = PBXFileReference; lastKnownFileType = sourcecode.swift; path = AppDelegate.swift; sourceTree = "<group>"; };
		F041D8CD2C2F08640084F91A /* SceneDelegate.swift */ = {isa = PBXFileReference; lastKnownFileType = sourcecode.swift; path = SceneDelegate.swift; sourceTree = "<group>"; };
		F041D8CF2C2F08640084F91A /* ViewController.swift */ = {isa = PBXFileReference; lastKnownFileType = sourcecode.swift; path = ViewController.swift; sourceTree = "<group>"; };
		F041D8D22C2F08640084F91A /* Base */ = {isa = PBXFileReference; lastKnownFileType = file.storyboard; name = Base; path = Base.lproj/Main.storyboard; sourceTree = "<group>"; };
		F041D8D42C2F08670084F91A /* Assets.xcassets */ = {isa = PBXFileReference; lastKnownFileType = folder.assetcatalog; path = Assets.xcassets; sourceTree = "<group>"; };
		F041D8D72C2F08670084F91A /* Base */ = {isa = PBXFileReference; lastKnownFileType = file.storyboard; name = Base; path = Base.lproj/LaunchScreen.storyboard; sourceTree = "<group>"; };
		F041D8D92C2F08670084F91A /* Info.plist */ = {isa = PBXFileReference; lastKnownFileType = text.plist.xml; path = Info.plist; sourceTree = "<group>"; };
/* End PBXFileReference section */

/* Begin PBXFrameworksBuildPhase section */
		F041D8C52C2F08640084F91A /* Frameworks */ = {
			isa = PBXFrameworksBuildPhase;
			buildActionMask = 2147483647;
			files = (
			);
			runOnlyForDeploymentPostprocessing = 0;
		};
/* End PBXFrameworksBuildPhase section */

/* Begin PBXGroup section */
		F018F7B72C2FD18700F546CE /* DS */ = {
			isa = PBXGroup;
			children = (
				F018F7B92C2FD1E900F546CE /* Stack.swift */,
				F018F7B52C2FD17600F546CE /* LinkedList.swift */,
			);
			path = DS;
			sourceTree = "<group>";
		};
		F018F7B82C2FD19C00F546CE /* Comon */ = {
			isa = PBXGroup;
			children = (
				F041D8D12C2F08640084F91A /* Main.storyboard */,
				F041D8D42C2F08670084F91A /* Assets.xcassets */,
				F041D8D62C2F08670084F91A /* LaunchScreen.storyboard */,
				F041D8CB2C2F08640084F91A /* AppDelegate.swift */,
				F041D8CD2C2F08640084F91A /* SceneDelegate.swift */,
			);
			path = Comon;
			sourceTree = "<group>";
		};
		F041D8BF2C2F08640084F91A = {
			isa = PBXGroup;
			children = (
				F041D8CA2C2F08640084F91A /* Datastructure */,
				F041D8C92C2F08640084F91A /* Products */,
			);
			sourceTree = "<group>";
		};
		F041D8C92C2F08640084F91A /* Products */ = {
			isa = PBXGroup;
			children = (
				F041D8C82C2F08640084F91A /* Datastructure.app */,
			);
			name = Products;
			sourceTree = "<group>";
		};
		F041D8CA2C2F08640084F91A /* Datastructure */ = {
			isa = PBXGroup;
			children = (
				F041D8CF2C2F08640084F91A /* ViewController.swift */,
				F018F7B82C2FD19C00F546CE /* Comon */,
				F018F7B72C2FD18700F546CE /* DS */,
				F041D8D92C2F08670084F91A /* Info.plist */,
			);
			path = Datastructure;
			sourceTree = "<group>";
		};
/* End PBXGroup section */

/* Begin PBXNativeTarget section */
		F041D8C72C2F08640084F91A /* Datastructure */ = {
			isa = PBXNativeTarget;
			buildConfigurationList = F041D8DC2C2F08670084F91A /* Build configuration list for PBXNativeTarget "Datastructure" */;
			buildPhases = (
				F041D8C42C2F08640084F91A /* Sources */,
				F041D8C52C2F08640084F91A /* Frameworks */,
				F041D8C62C2F08640084F91A /* Resources */,
			);
			buildRules = (
			);
			dependencies = (
			);
			name = Datastructure;
			productName = Datastructure;
			productReference = F041D8C82C2F08640084F91A /* Datastructure.app */;
			productType = "com.apple.product-type.application";
		};
/* End PBXNativeTarget section */

/* Begin PBXProject section */
		F041D8C02C2F08640084F91A /* Project object */ = {
			isa = PBXProject;
			attributes = {
				BuildIndependentTargetsInParallel = 1;
				LastSwiftUpdateCheck = 1500;
				LastUpgradeCheck = 1500;
				TargetAttributes = {
					F041D8C72C2F08640084F91A = {
						CreatedOnToolsVersion = 15.0.1;
					};
				};
			};
			buildConfigurationList = F041D8C32C2F08640084F91A /* Build configuration list for PBXProject "Datastructure" */;
			compatibilityVersion = "Xcode 14.0";
			developmentRegion = en;
			hasScannedForEncodings = 0;
			knownRegions = (
				en,
				Base,
			);
			mainGroup = F041D8BF2C2F08640084F91A;
			productRefGroup = F041D8C92C2F08640084F91A /* Products */;
			projectDirPath = "";
			projectRoot = "";
			targets = (
				F041D8C72C2F08640084F91A /* Datastructure */,
			);
		};
/* End PBXProject section */

/* Begin PBXResourcesBuildPhase section */
		F041D8C62C2F08640084F91A /* Resources */ = {
			isa = PBXResourcesBuildPhase;
			buildActionMask = 2147483647;
			files = (
				F041D8D82C2F08670084F91A /* LaunchScreen.storyboard in Resources */,
				F041D8D52C2F08670084F91A /* Assets.xcassets in Resources */,
				F041D8D32C2F08640084F91A /* Main.storyboard in Resources */,
			);
			runOnlyForDeploymentPostprocessing = 0;
		};
/* End PBXResourcesBuildPhase section */

/* Begin PBXSourcesBuildPhase section */
		F041D8C42C2F08640084F91A /* Sources */ = {
			isa = PBXSourcesBuildPhase;
			buildActionMask = 2147483647;
			files = (
				F041D8D02C2F08640084F91A /* ViewController.swift in Sources */,
				F018F7BA2C2FD1E900F546CE /* Stack.swift in Sources */,
				F041D8CC2C2F08640084F91A /* AppDelegate.swift in Sources */,
				F018F7B62C2FD17600F546CE /* LinkedList.swift in Sources */,
				F041D8CE2C2F08640084F91A /* SceneDelegate.swift in Sources */,
			);
			runOnlyForDeploymentPostprocessing = 0;
		};
/* End PBXSourcesBuildPhase section */

/* Begin PBXVariantGroup section */
		F041D8D12C2F08640084F91A /* Main.storyboard */ = {
			isa = PBXVariantGroup;
			children = (
				F041D8D22C2F08640084F91A /* Base */,
			);
			name = Main.storyboard;
			sourceTree = "<group>";
		};
		F041D8D62C2F08670084F91A /* LaunchScreen.storyboard */ = {
			isa = PBXVariantGroup;
			children = (
				F041D8D72C2F08670084F91A /* Base */,
			);
			name = LaunchScreen.storyboard;
			sourceTree = "<group>";
		};
/* End PBXVariantGroup section */

/* Begin XCBuildConfiguration section */
		F041D8DA2C2F08670084F91A /* Debug */ = {
			isa = XCBuildConfiguration;
			buildSettings = {
				ALWAYS_SEARCH_USER_PATHS = NO;
				ASSETCATALOG_COMPILER_GENERATE_SWIFT_ASSET_SYMBOL_EXTENSIONS = YES;
				CLANG_ANALYZER_NONNULL = YES;
				CLANG_ANALYZER_NUMBER_OBJECT_CONVERSION = YES_AGGRESSIVE;
				CLANG_CXX_LANGUAGE_STANDARD = "gnu++20";
				CLANG_ENABLE_MODULES = YES;
				CLANG_ENABLE_OBJC_ARC = YES;
				CLANG_ENABLE_OBJC_WEAK = YES;
				CLANG_WARN_BLOCK_CAPTURE_AUTORELEASING = YES;
				CLANG_WARN_BOOL_CONVERSION = YES;
				CLANG_WARN_COMMA = YES;
				CLANG_WARN_CONSTANT_CONVERSION = YES;
				CLANG_WARN_DEPRECATED_OBJC_IMPLEMENTATIONS = YES;
				CLANG_WARN_DIRECT_OBJC_ISA_USAGE = YES_ERROR;
				CLANG_WARN_DOCUMENTATION_COMMENTS = YES;
				CLANG_WARN_EMPTY_BODY = YES;
				CLANG_WARN_ENUM_CONVERSION = YES;
				CLANG_WARN_INFINITE_RECURSION = YES;
				CLANG_WARN_INT_CONVERSION = YES;
				CLANG_WARN_NON_LITERAL_NULL_CONVERSION = YES;
				CLANG_WARN_OBJC_IMPLICIT_RETAIN_SELF = YES;
				CLANG_WARN_OBJC_LITERAL_CONVERSION = YES;
				CLANG_WARN_OBJC_ROOT_CLASS = YES_ERROR;
				CLANG_WARN_QUOTED_INCLUDE_IN_FRAMEWORK_HEADER = YES;
				CLANG_WARN_RANGE_LOOP_ANALYSIS = YES;
				CLANG_WARN_STRICT_PROTOTYPES = YES;
				CLANG_WARN_SUSPICIOUS_MOVE = YES;
				CLANG_WARN_UNGUARDED_AVAILABILITY = YES_AGGRESSIVE;
				CLANG_WARN_UNREACHABLE_CODE = YES;
				CLANG_WARN__DUPLICATE_METHOD_MATCH = YES;
				COPY_PHASE_STRIP = NO;
				DEBUG_INFORMATION_FORMAT = dwarf;
				ENABLE_STRICT_OBJC_MSGSEND = YES;
				ENABLE_TESTABILITY = YES;
				ENABLE_USER_SCRIPT_SANDBOXING = YES;
				GCC_C_LANGUAGE_STANDARD = gnu17;
				GCC_DYNAMIC_NO_PIC = NO;
				GCC_NO_COMMON_BLOCKS = YES;
				GCC_OPTIMIZATION_LEVEL = 0;
				GCC_PREPROCESSOR_DEFINITIONS = (
					"DEBUG=1",
					"$(inherited)",
				);
				GCC_WARN_64_TO_32_BIT_CONVERSION = YES;
				GCC_WARN_ABOUT_RETURN_TYPE = YES_ERROR;
				GCC_WARN_UNDECLARED_SELECTOR = YES;
				GCC_WARN_UNINITIALIZED_AUTOS = YES_AGGRESSIVE;
				GCC_WARN_UNUSED_FUNCTION = YES;
				GCC_WARN_UNUSED_VARIABLE = YES;
				IPHONEOS_DEPLOYMENT_TARGET = 17.0;
				LOCALIZATION_PREFERS_STRING_CATALOGS = YES;
				MTL_ENABLE_DEBUG_INFO = INCLUDE_SOURCE;
				MTL_FAST_MATH = YES;
				ONLY_ACTIVE_ARCH = YES;
				SDKROOT = iphoneos;
				SWIFT_ACTIVE_COMPILATION_CONDITIONS = "DEBUG $(inherited)";
				SWIFT_OPTIMIZATION_LEVEL = "-Onone";
			};
			name = Debug;
		};
		F041D8DB2C2F08670084F91A /* Release */ = {
			isa = XCBuildConfiguration;
			buildSettings = {
				ALWAYS_SEARCH_USER_PATHS = NO;
				ASSETCATALOG_COMPILER_GENERATE_SWIFT_ASSET_SYMBOL_EXTENSIONS = YES;
				CLANG_ANALYZER_NONNULL = YES;
				CLANG_ANALYZER_NUMBER_OBJECT_CONVERSION = YES_AGGRESSIVE;
				CLANG_CXX_LANGUAGE_STANDARD = "gnu++20";
				CLANG_ENABLE_MODULES = YES;
				CLANG_ENABLE_OBJC_ARC = YES;
				CLANG_ENABLE_OBJC_WEAK = YES;
				CLANG_WARN_BLOCK_CAPTURE_AUTORELEASING = YES;
				CLANG_WARN_BOOL_CONVERSION = YES;
				CLANG_WARN_COMMA = YES;
				CLANG_WARN_CONSTANT_CONVERSION = YES;
				CLANG_WARN_DEPRECATED_OBJC_IMPLEMENTATIONS = YES;
				CLANG_WARN_DIRECT_OBJC_ISA_USAGE = YES_ERROR;
				CLANG_WARN_DOCUMENTATION_COMMENTS = YES;
				CLANG_WARN_EMPTY_BODY = YES;
				CLANG_WARN_ENUM_CONVERSION = YES;
				CLANG_WARN_INFINITE_RECURSION = YES;
				CLANG_WARN_INT_CONVERSION = YES;
				CLANG_WARN_NON_LITERAL_NULL_CONVERSION = YES;
				CLANG_WARN_OBJC_IMPLICIT_RETAIN_SELF = YES;
				CLANG_WARN_OBJC_LITERAL_CONVERSION = YES;
				CLANG_WARN_OBJC_ROOT_CLASS = YES_ERROR;
				CLANG_WARN_QUOTED_INCLUDE_IN_FRAMEWORK_HEADER = YES;
				CLANG_WARN_RANGE_LOOP_ANALYSIS = YES;
				CLANG_WARN_STRICT_PROTOTYPES = YES;
				CLANG_WARN_SUSPICIOUS_MOVE = YES;
				CLANG_WARN_UNGUARDED_AVAILABILITY = YES_AGGRESSIVE;
				CLANG_WARN_UNREACHABLE_CODE = YES;
				CLANG_WARN__DUPLICATE_METHOD_MATCH = YES;
				COPY_PHASE_STRIP = NO;
				DEBUG_INFORMATION_FORMAT = "dwarf-with-dsym";
				ENABLE_NS_ASSERTIONS = NO;
				ENABLE_STRICT_OBJC_MSGSEND = YES;
				ENABLE_USER_SCRIPT_SANDBOXING = YES;
				GCC_C_LANGUAGE_STANDARD = gnu17;
				GCC_NO_COMMON_BLOCKS = YES;
				GCC_WARN_64_TO_32_BIT_CONVERSION = YES;
				GCC_WARN_ABOUT_RETURN_TYPE = YES_ERROR;
				GCC_WARN_UNDECLARED_SELECTOR = YES;
				GCC_WARN_UNINITIALIZED_AUTOS = YES_AGGRESSIVE;
				GCC_WARN_UNUSED_FUNCTION = YES;
				GCC_WARN_UNUSED_VARIABLE = YES;
				IPHONEOS_DEPLOYMENT_TARGET = 17.0;
				LOCALIZATION_PREFERS_STRING_CATALOGS = YES;
				MTL_ENABLE_DEBUG_INFO = NO;
				MTL_FAST_MATH = YES;
				SDKROOT = iphoneos;
				SWIFT_COMPILATION_MODE = wholemodule;
				VALIDATE_PRODUCT = YES;
			};
			name = Release;
		};
		F041D8DD2C2F08670084F91A /* Debug */ = {
			isa = XCBuildConfiguration;
			buildSettings = {
				ASSETCATALOG_COMPILER_APPICON_NAME = AppIcon;
				ASSETCATALOG_COMPILER_GLOBAL_ACCENT_COLOR_NAME = AccentColor;
				CODE_SIGN_STYLE = Automatic;
				CURRENT_PROJECT_VERSION = 1;
				DEVELOPMENT_TEAM = 754KYY28MV;
				GENERATE_INFOPLIST_FILE = YES;
				INFOPLIST_FILE = Datastructure/Info.plist;
				INFOPLIST_KEY_UIApplicationSupportsIndirectInputEvents = YES;
				INFOPLIST_KEY_UILaunchStoryboardName = LaunchScreen;
				INFOPLIST_KEY_UIMainStoryboardFile = Main;
				INFOPLIST_KEY_UISupportedInterfaceOrientations_iPad = "UIInterfaceOrientationPortrait UIInterfaceOrientationPortraitUpsideDown UIInterfaceOrientationLandscapeLeft UIInterfaceOrientationLandscapeRight";
				INFOPLIST_KEY_UISupportedInterfaceOrientations_iPhone = "UIInterfaceOrientationPortrait UIInterfaceOrientationLandscapeLeft UIInterfaceOrientationLandscapeRight";
				LD_RUNPATH_SEARCH_PATHS = (
					"$(inherited)",
					"@executable_path/Frameworks",
				);
				MARKETING_VERSION = 1.0;
				PRODUCT_BUNDLE_IDENTIFIER = com.identifier.test.apple.Datastructure;
				PRODUCT_NAME = "$(TARGET_NAME)";
				SWIFT_EMIT_LOC_STRINGS = YES;
				SWIFT_VERSION = 5.0;
				TARGETED_DEVICE_FAMILY = "1,2";
			};
			name = Debug;
		};
		F041D8DE2C2F08670084F91A /* Release */ = {
			isa = XCBuildConfiguration;
			buildSettings = {
				ASSETCATALOG_COMPILER_APPICON_NAME = AppIcon;
				ASSETCATALOG_COMPILER_GLOBAL_ACCENT_COLOR_NAME = AccentColor;
				CODE_SIGN_STYLE = Automatic;
				CURRENT_PROJECT_VERSION = 1;
				DEVELOPMENT_TEAM = 754KYY28MV;
				GENERATE_INFOPLIST_FILE = YES;
				INFOPLIST_FILE = Datastructure/Info.plist;
				INFOPLIST_KEY_UIApplicationSupportsIndirectInputEvents = YES;
				INFOPLIST_KEY_UILaunchStoryboardName = LaunchScreen;
				INFOPLIST_KEY_UIMainStoryboardFile = Main;
				INFOPLIST_KEY_UISupportedInterfaceOrientations_iPad = "UIInterfaceOrientationPortrait UIInterfaceOrientationPortraitUpsideDown UIInterfaceOrientationLandscapeLeft UIInterfaceOrientationLandscapeRight";
				INFOPLIST_KEY_UISupportedInterfaceOrientations_iPhone = "UIInterfaceOrientationPortrait UIInterfaceOrientationLandscapeLeft UIInterfaceOrientationLandscapeRight";
				LD_RUNPATH_SEARCH_PATHS = (
					"$(inherited)",
					"@executable_path/Frameworks",
				);
				MARKETING_VERSION = 1.0;
				PRODUCT_BUNDLE_IDENTIFIER = com.identifier.test.apple.Datastructure;
				PRODUCT_NAME = "$(TARGET_NAME)";
				SWIFT_EMIT_LOC_STRINGS = YES;
				SWIFT_VERSION = 5.0;
				TARGETED_DEVICE_FAMILY = "1,2";
			};
			name = Release;
		};
/* End XCBuildConfiguration section */

/* Begin XCConfigurationList section */
		F041D8C32C2F08640084F91A /* Build configuration list for PBXProject "Datastructure" */ = {
			isa = XCConfigurationList;
			buildConfigurations = (
				F041D8DA2C2F08670084F91A /* Debug */,
				F041D8DB2C2F08670084F91A /* Release */,
			);
			defaultConfigurationIsVisible = 0;
			defaultConfigurationName = Release;
		};
		F041D8DC2C2F08670084F91A /* Build configuration list for PBXNativeTarget "Datastructure" */ = {
			isa = XCConfigurationList;
			buildConfigurations = (
				F041D8DD2C2F08670084F91A /* Debug */,
				F041D8DE2C2F08670084F91A /* Release */,
			);
			defaultConfigurationIsVisible = 0;
			defaultConfigurationName = Release;
		};
/* End XCConfigurationList section */
	};
	rootObject = F041D8C02C2F08640084F91A /* Project object */;
}
